<?xml version="1.0" encoding="utf-8"?>
<Project ToolsVersion="4.0" xmlns="http://schemas.microsoft.com/developer/msbuild/2003">
  <ItemGroup>
    <Filter Include="./">
      <UniqueIdentifier>{4FC737F1-C7A5-4376-A066-2A32D752A2FF}</UniqueIdentifier>
      <Extensions>cpp;c;cc;cxx;def;odl;idl;hpj;bat;asm;asmx</Extensions>
    </Filter>
    <Filter Include="./\_seams">
      <UniqueIdentifier>{5d45f3f8-9500-44e5-b6f7-af91f93df2d4}</UniqueIdentifier>
    </Filter>
  </ItemGroup>
  <ItemGroup>
    <None Include="_debug.inl">
      <Filter>./</Filter>
    </None>
    <None Include="_impl.inl">
      <Filter>./</Filter>
    </None>
    <None Include="_library.inl">
      <Filter>./</Filter>
    </None>
    <None Include="_release.inl">
      <Filter>./</Filter>
    </None>
    <None Include="_undef.inl">
      <Filter>./</Filter>
    </None>
    <None Include="block.inl">
      <Filter>./</Filter>
    </None>
    <None Include="chunk.inl">
      <Filter>./</Filter>
    </None>
    <None Include="chunkrow.inl">
      <Filter>./</Filter>
    </None>
    <None Include="config.imul">
      <Filter>./</Filter>
    </None>
    <None Include="craftingtable.inl">
      <Filter>./</Filter>
    </None>
    <None Include="entity.inl">
      <Filter>./</Filter>
    </None>
    <None Include="game.inl">
      <Filter>./</Filter>
    </None>
    <None Include="globalonfig.inl">
      <Filter>./</Filter>
    </None>
    <None Include="inventory.inl">
      <Filter>./</Filter>
    </None>
    <None Include="item.inl">
      <Filter>./</Filter>
    </None>
    <None Include="itemgroup.inl">
      <Filter>./</Filter>
    </None>
    <None Include="main.inl">
      <Filter>./</Filter>
    </None>
    <None Include="mob.inl">
      <Filter>./</Filter>
    </None>
    <None Include="module.inl">
      <Filter>./</Filter>
    </None>
    <None Include="readme.md">
      <Filter>./</Filter>
    </None>
    <None Include="recipe.inl">
      <Filter>./</Filter>
    </None>
    <None Include="server.inl">
      <Filter>./</Filter>
    </None>
    <None Include="spawn.inl">
      <Filter>./</Filter>
    </None>
    <None Include="world.inl">
      <Filter>./</Filter>
    </None>
    <None Include="_seams\_undef.inl">
      <Filter>./\_seams</Filter>
    </None>
    <None Include="_seams\00.core.inl">
      <Filter>./\_seams</Filter>
    </None>
    <None Include="_seams\readme.md">
      <Filter>./\_seams</Filter>
    </None>
    <None Include="_seams\release.inl">
      <Filter>./\_seams</Filter>
    </None>
    <None Include="_seams\_debug.inl">
      <Filter>./\_seams</Filter>
    </None>
    <None Include="_seams\_release.inl">
      <Filter>./\_seams</Filter>
    </None>
  </ItemGroup>
  <ItemGroup>
    <ClCompile Include="_main.cpp">
      <Filter>./</Filter>
    </ClCompile>
    <ClCompile Include="_typecraft.cpp">
      <Filter>./</Filter>
    </ClCompile>
    <ClCompile Include="main.cpp">
      <Filter>./</Filter>
    </ClCompile>
    <ClCompile Include="_seams\main.cpp">
      <Filter>./\_seams</Filter>
    </ClCompile>
  </ItemGroup>
  <ItemGroup>
    <ClInclude Include="a.h">
      <Filter>./</Filter>
    </ClInclude>
    <ClInclude Include="block.h">
      <Filter>./</Filter>
    </ClInclude>
    <ClInclude Include="chunk.h">
      <Filter>./</Filter>
    </ClInclude>
    <ClInclude Include="chunkrow.h">
      <Filter>./</Filter>
    </ClInclude>
    <ClInclude Include="craftingtable.h">
      <Filter>./</Filter>
    </ClInclude>
    <ClInclude Include="enchantment.h">
      <Filter>./</Filter>
    </ClInclude>
    <ClInclude Include="entity.h">
      <Filter>./</Filter>
    </ClInclude>
    <ClInclude Include="game.h">
      <Filter>./</Filter>
    </ClInclude>
    <ClInclude Include="inventory.h">
      <Filter>./</Filter>
    </ClInclude>
    <ClInclude Include="item.h">
      <Filter>./</Filter>
    </ClInclude>
    <ClInclude Include="itemgroup.h">
      <Filter>./</Filter>
    </ClInclude>
    <ClInclude Include="mob.h">
      <Filter>./</Filter>
    </ClInclude>
    <ClInclude Include="recipe.h">
      <Filter>./</Filter>
    </ClInclude>
    <ClInclude Include="server.h">
      <Filter>./</Filter>
    </ClInclude>
    <ClInclude Include="spawn.h">
      <Filter>./</Filter>
    </ClInclude>
    <ClInclude Include="world.h">
      <Filter>./</Filter>
    </ClInclude>
    <ClInclude Include="_config.h">
      <Filter>./</Filter>
    </ClInclude>
    <ClInclude Include="_seams\_config.h">
      <Filter>./\_seams</Filter>
    </ClInclude>
  </ItemGroup>
</Project>